// !$*UTF8*$!
{
	archiveVersion = 1;
	classes = {
	};
	objectVersion = 46;
	objects = {

/* Begin PBXBuildFile section */
		1C594A911840C7948EDEF18F /* Pods_swiftyCompanion.framework in Frameworks */ = {isa = PBXBuildFile; fileRef = 2D74BF87F0262CF684EF6A4F /* Pods_swiftyCompanion.framework */; };
		B45B2EED1F961CF800B0CC73 /* Constants.swift in Sources */ = {isa = PBXBuildFile; fileRef = B45B2EEC1F961CF800B0CC73 /* Constants.swift */; };
		B45B2EF01F961EF100B0CC73 /* GetAccessToken.swift in Sources */ = {isa = PBXBuildFile; fileRef = B45B2EEF1F961EF100B0CC73 /* GetAccessToken.swift */; };
		B474F77D1F9633F400243560 /* SearchViewController.swift in Sources */ = {isa = PBXBuildFile; fileRef = B474F77C1F9633F400243560 /* SearchViewController.swift */; };
		B474F77F1F964BE100243560 /* GetUserInformations.swift in Sources */ = {isa = PBXBuildFile; fileRef = B474F77E1F964BE100243560 /* GetUserInformations.swift */; };
		B474F7811F96612B00243560 /* User.swift in Sources */ = {isa = PBXBuildFile; fileRef = B474F7801F96612B00243560 /* User.swift */; };
		B48CD7B71F98A6A9005ECC10 /* UserInformationsViewController.swift in Sources */ = {isa = PBXBuildFile; fileRef = B48CD7B61F98A6A9005ECC10 /* UserInformationsViewController.swift */; };
		B48CD7BB1F98EAB5005ECC10 /* SkillsTableViewCell.swift in Sources */ = {isa = PBXBuildFile; fileRef = B48CD7BA1F98EAB5005ECC10 /* SkillsTableViewCell.swift */; };
		B48CD7BD1F98F477005ECC10 /* ProjectsTableViewCell.swift in Sources */ = {isa = PBXBuildFile; fileRef = B48CD7BC1F98F477005ECC10 /* ProjectsTableViewCell.swift */; };
		B48D68A61F94DF2500F4A86C /* AppDelegate.swift in Sources */ = {isa = PBXBuildFile; fileRef = B48D68A51F94DF2500F4A86C /* AppDelegate.swift */; };
		B48D68AB1F94DF2500F4A86C /* Main.storyboard in Resources */ = {isa = PBXBuildFile; fileRef = B48D68A91F94DF2500F4A86C /* Main.storyboard */; };
		B48D68AD1F94DF2500F4A86C /* Assets.xcassets in Resources */ = {isa = PBXBuildFile; fileRef = B48D68AC1F94DF2500F4A86C /* Assets.xcassets */; };
		B48D68B01F94DF2500F4A86C /* LaunchScreen.storyboard in Resources */ = {isa = PBXBuildFile; fileRef = B48D68AE1F94DF2500F4A86C /* LaunchScreen.storyboard */; };
/* End PBXBuildFile section */

/* Begin PBXFileReference section */
		2D74BF87F0262CF684EF6A4F /* Pods_swiftyCompanion.framework */ = {isa = PBXFileReference; explicitFileType = wrapper.framework; includeInIndex = 0; path = Pods_swiftyCompanion.framework; sourceTree = BUILT_PRODUCTS_DIR; };
		A1C4C9D484EA9DF6C67147F9 /* Pods-swiftyCompanion.release.xcconfig */ = {isa = PBXFileReference; includeInIndex = 1; lastKnownFileType = text.xcconfig; name = "Pods-swiftyCompanion.release.xcconfig"; path = "Pods/Target Support Files/Pods-swiftyCompanion/Pods-swiftyCompanion.release.xcconfig"; sourceTree = "<group>"; };
		B45B2EEC1F961CF800B0CC73 /* Constants.swift */ = {isa = PBXFileReference; fileEncoding = 4; lastKnownFileType = sourcecode.swift; path = Constants.swift; sourceTree = "<group>"; };
		B45B2EEF1F961EF100B0CC73 /* GetAccessToken.swift */ = {isa = PBXFileReference; fileEncoding = 4; lastKnownFileType = sourcecode.swift; path = GetAccessToken.swift; sourceTree = "<group>"; };
		B474F77C1F9633F400243560 /* SearchViewController.swift */ = {isa = PBXFileReference; fileEncoding = 4; lastKnownFileType = sourcecode.swift; path = SearchViewController.swift; sourceTree = "<group>"; };
		B474F77E1F964BE100243560 /* GetUserInformations.swift */ = {isa = PBXFileReference; fileEncoding = 4; lastKnownFileType = sourcecode.swift; path = GetUserInformations.swift; sourceTree = "<group>"; };
		B474F7801F96612B00243560 /* User.swift */ = {isa = PBXFileReference; fileEncoding = 4; lastKnownFileType = sourcecode.swift; path = User.swift; sourceTree = "<group>"; };
		B48CD7B61F98A6A9005ECC10 /* UserInformationsViewController.swift */ = {isa = PBXFileReference; fileEncoding = 4; lastKnownFileType = sourcecode.swift; path = UserInformationsViewController.swift; sourceTree = "<group>"; };
		B48CD7BA1F98EAB5005ECC10 /* SkillsTableViewCell.swift */ = {isa = PBXFileReference; fileEncoding = 4; lastKnownFileType = sourcecode.swift; path = SkillsTableViewCell.swift; sourceTree = "<group>"; };
		B48CD7BC1F98F477005ECC10 /* ProjectsTableViewCell.swift */ = {isa = PBXFileReference; fileEncoding = 4; lastKnownFileType = sourcecode.swift; path = ProjectsTableViewCell.swift; sourceTree = "<group>"; };
		B48D68A21F94DF2500F4A86C /* swiftyCompanion.app */ = {isa = PBXFileReference; explicitFileType = wrapper.application; includeInIndex = 0; path = swiftyCompanion.app; sourceTree = BUILT_PRODUCTS_DIR; };
		B48D68A51F94DF2500F4A86C /* AppDelegate.swift */ = {isa = PBXFileReference; lastKnownFileType = sourcecode.swift; path = AppDelegate.swift; sourceTree = "<group>"; };
		B48D68AA1F94DF2500F4A86C /* Base */ = {isa = PBXFileReference; lastKnownFileType = file.storyboard; name = Base; path = Base.lproj/Main.storyboard; sourceTree = "<group>"; };
		B48D68AC1F94DF2500F4A86C /* Assets.xcassets */ = {isa = PBXFileReference; lastKnownFileType = folder.assetcatalog; path = Assets.xcassets; sourceTree = "<group>"; };
		B48D68AF1F94DF2500F4A86C /* Base */ = {isa = PBXFileReference; lastKnownFileType = file.storyboard; name = Base; path = Base.lproj/LaunchScreen.storyboard; sourceTree = "<group>"; };
		B48D68B11F94DF2500F4A86C /* Info.plist */ = {isa = PBXFileReference; lastKnownFileType = text.plist.xml; path = Info.plist; sourceTree = "<group>"; };
		F3AF55B2C6C5B5897E07D2DD /* Pods-swiftyCompanion.debug.xcconfig */ = {isa = PBXFileReference; includeInIndex = 1; lastKnownFileType = text.xcconfig; name = "Pods-swiftyCompanion.debug.xcconfig"; path = "Pods/Target Support Files/Pods-swiftyCompanion/Pods-swiftyCompanion.debug.xcconfig"; sourceTree = "<group>"; };
/* End PBXFileReference section */

/* Begin PBXFrameworksBuildPhase section */
		B48D689F1F94DF2500F4A86C /* Frameworks */ = {
			isa = PBXFrameworksBuildPhase;
			buildActionMask = 2147483647;
			files = (
				1C594A911840C7948EDEF18F /* Pods_swiftyCompanion.framework in Frameworks */,
			);
			runOnlyForDeploymentPostprocessing = 0;
		};
/* End PBXFrameworksBuildPhase section */

/* Begin PBXGroup section */
		33DA3B1AEFC3673479C777A6 /* Pods */ = {
			isa = PBXGroup;
			children = (
				F3AF55B2C6C5B5897E07D2DD /* Pods-swiftyCompanion.debug.xcconfig */,
				A1C4C9D484EA9DF6C67147F9 /* Pods-swiftyCompanion.release.xcconfig */,
			);
			name = Pods;
			sourceTree = "<group>";
		};
		497CDF4E60899BCC29CAE703 /* Frameworks */ = {
			isa = PBXGroup;
			children = (
				2D74BF87F0262CF684EF6A4F /* Pods_swiftyCompanion.framework */,
			);
			name = Frameworks;
			sourceTree = "<group>";
		};
		B45B2EEE1F961EDD00B0CC73 /* API */ = {
			isa = PBXGroup;
			children = (
				B45B2EEF1F961EF100B0CC73 /* GetAccessToken.swift */,
				B474F77E1F964BE100243560 /* GetUserInformations.swift */,
			);
			name = API;
			sourceTree = "<group>";
		};
		B48D68991F94DF2500F4A86C = {
			isa = PBXGroup;
			children = (
				B48D68A41F94DF2500F4A86C /* swiftyCompanion */,
				B48D68A31F94DF2500F4A86C /* Products */,
				33DA3B1AEFC3673479C777A6 /* Pods */,
				497CDF4E60899BCC29CAE703 /* Frameworks */,
			);
			sourceTree = "<group>";
		};
		B48D68A31F94DF2500F4A86C /* Products */ = {
			isa = PBXGroup;
			children = (
				B48D68A21F94DF2500F4A86C /* swiftyCompanion.app */,
			);
			name = Products;
			sourceTree = "<group>";
		};
		B48D68A41F94DF2500F4A86C /* swiftyCompanion */ = {
			isa = PBXGroup;
			children = (
				B48D68A51F94DF2500F4A86C /* AppDelegate.swift */,
				B474F7801F96612B00243560 /* User.swift */,
				B474F77C1F9633F400243560 /* SearchViewController.swift */,
				B48CD7B61F98A6A9005ECC10 /* UserInformationsViewController.swift */,
				B48CD7BA1F98EAB5005ECC10 /* SkillsTableViewCell.swift */,
				B48CD7BC1F98F477005ECC10 /* ProjectsTableViewCell.swift */,
				B45B2EEE1F961EDD00B0CC73 /* API */,
				B48D68A91F94DF2500F4A86C /* Main.storyboard */,
				B45B2EEC1F961CF800B0CC73 /* Constants.swift */,
				B48D68AC1F94DF2500F4A86C /* Assets.xcassets */,
				B48D68AE1F94DF2500F4A86C /* LaunchScreen.storyboard */,
				B48D68B11F94DF2500F4A86C /* Info.plist */,
			);
			path = swiftyCompanion;
			sourceTree = "<group>";
		};
/* End PBXGroup section */

/* Begin PBXNativeTarget section */
		B48D68A11F94DF2500F4A86C /* swiftyCompanion */ = {
			isa = PBXNativeTarget;
			buildConfigurationList = B48D68B41F94DF2500F4A86C /* Build configuration list for PBXNativeTarget "swiftyCompanion" */;
			buildPhases = (
				1F9D5FE8BE44F0B7C3597BCF /* [CP] Check Pods Manifest.lock */,
				B48D689E1F94DF2500F4A86C /* Sources */,
				B48D689F1F94DF2500F4A86C /* Frameworks */,
				B48D68A01F94DF2500F4A86C /* Resources */,
				374FEA9DF6D485E8F23A9013 /* [CP] Embed Pods Frameworks */,
				A9C988B826B6DE06492BDB94 /* [CP] Copy Pods Resources */,
			);
			buildRules = (
			);
			dependencies = (
			);
			name = swiftyCompanion;
			productName = swiftyCompanion;
			productReference = B48D68A21F94DF2500F4A86C /* swiftyCompanion.app */;
			productType = "com.apple.product-type.application";
		};
/* End PBXNativeTarget section */

/* Begin PBXProject section */
		B48D689A1F94DF2500F4A86C /* Project object */ = {
			isa = PBXProject;
			attributes = {
				LastSwiftUpdateCheck = 0830;
				LastUpgradeCheck = 0830;
				ORGANIZATIONNAME = "Marc FAMILARI";
				TargetAttributes = {
					B48D68A11F94DF2500F4A86C = {
						CreatedOnToolsVersion = 8.3.3;
						ProvisioningStyle = Automatic;
					};
				};
			};
			buildConfigurationList = B48D689D1F94DF2500F4A86C /* Build configuration list for PBXProject "swiftyCompanion" */;
			compatibilityVersion = "Xcode 3.2";
			developmentRegion = English;
			hasScannedForEncodings = 0;
			knownRegions = (
				en,
				Base,
			);
			mainGroup = B48D68991F94DF2500F4A86C;
			productRefGroup = B48D68A31F94DF2500F4A86C /* Products */;
			projectDirPath = "";
			projectRoot = "";
			targets = (
				B48D68A11F94DF2500F4A86C /* swiftyCompanion */,
			);
		};
/* End PBXProject section */

/* Begin PBXResourcesBuildPhase section */
		B48D68A01F94DF2500F4A86C /* Resources */ = {
			isa = PBXResourcesBuildPhase;
			buildActionMask = 2147483647;
			files = (
				B48D68B01F94DF2500F4A86C /* LaunchScreen.storyboard in Resources */,
				B48D68AD1F94DF2500F4A86C /* Assets.xcassets in Resources */,
				B48D68AB1F94DF2500F4A86C /* Main.storyboard in Resources */,
			);
			runOnlyForDeploymentPostprocessing = 0;
		};
/* End PBXResourcesBuildPhase section */

/* Begin PBXShellScriptBuildPhase section */
		1F9D5FE8BE44F0B7C3597BCF /* [CP] Check Pods Manifest.lock */ = {
			isa = PBXShellScriptBuildPhase;
			buildActionMask = 2147483647;
			files = (
			);
			inputPaths = (
				"${PODS_PODFILE_DIR_PATH}/Podfile.lock",
				"${PODS_ROOT}/Manifest.lock",
			);
			name = "[CP] Check Pods Manifest.lock";
			outputPaths = (
				"$(DERIVED_FILE_DIR)/Pods-swiftyCompanion-checkManifestLockResult.txt",
			);
			runOnlyForDeploymentPostprocessing = 0;
			shellPath = /bin/sh;
			shellScript = "diff \"${PODS_PODFILE_DIR_PATH}/Podfile.lock\" \"${PODS_ROOT}/Manifest.lock\" > /dev/null\nif [ $? != 0 ] ; then\n    # print error to STDERR\n    echo \"error: The sandbox is not in sync with the Podfile.lock. Run 'pod install' or update your CocoaPods installation.\" >&2\n    exit 1\nfi\n# This output is used by Xcode 'outputs' to avoid re-running this script phase.\necho \"SUCCESS\" > \"${SCRIPT_OUTPUT_FILE_0}\"\n";
			showEnvVarsInLog = 0;
		};
		374FEA9DF6D485E8F23A9013 /* [CP] Embed Pods Frameworks */ = {
			isa = PBXShellScriptBuildPhase;
			buildActionMask = 2147483647;
			files = (
			);
			inputPaths = (
				"${SRCROOT}/Pods/Target Support Files/Pods-swiftyCompanion/Pods-swiftyCompanion-frameworks.sh",
				"${BUILT_PRODUCTS_DIR}/Alamofire/Alamofire.framework",
				"${BUILT_PRODUCTS_DIR}/SDWebImage/SDWebImage.framework",
				"${BUILT_PRODUCTS_DIR}/SwiftyJSON/SwiftyJSON.framework",
			);
			name = "[CP] Embed Pods Frameworks";
			outputPaths = (
				"${TARGET_BUILD_DIR}/${FRAMEWORKS_FOLDER_PATH}/Alamofire.framework",
				"${TARGET_BUILD_DIR}/${FRAMEWORKS_FOLDER_PATH}/SDWebImage.framework",
				"${TARGET_BUILD_DIR}/${FRAMEWORKS_FOLDER_PATH}/SwiftyJSON.framework",
			);
			runOnlyForDeploymentPostprocessing = 0;
			shellPath = /bin/sh;
			shellScript = "\"${SRCROOT}/Pods/Target Support Files/Pods-swiftyCompanion/Pods-swiftyCompanion-frameworks.sh\"\n";
			showEnvVarsInLog = 0;
		};
		A9C988B826B6DE06492BDB94 /* [CP] Copy Pods Resources */ = {
			isa = PBXShellScriptBuildPhase;
			buildActionMask = 2147483647;
			files = (
			);
			inputPaths = (
			);
			name = "[CP] Copy Pods Resources";
			outputPaths = (
			);
			runOnlyForDeploymentPostprocessing = 0;
			shellPath = /bin/sh;
			shellScript = "\"${SRCROOT}/Pods/Target Support Files/Pods-swiftyCompanion/Pods-swiftyCompanion-resources.sh\"\n";
			showEnvVarsInLog = 0;
		};
/* End PBXShellScriptBuildPhase section */

/* Begin PBXSourcesBuildPhase section */
		B48D689E1F94DF2500F4A86C /* Sources */ = {
			isa = PBXSourcesBuildPhase;
			buildActionMask = 2147483647;
			files = (
				B48CD7B71F98A6A9005ECC10 /* UserInformationsViewController.swift in Sources */,
				B48CD7BD1F98F477005ECC10 /* ProjectsTableViewCell.swift in Sources */,
				B474F77D1F9633F400243560 /* SearchViewController.swift in Sources */,
				B474F77F1F964BE100243560 /* GetUserInformations.swift in Sources */,
				B474F7811F96612B00243560 /* User.swift in Sources */,
				B48D68A61F94DF2500F4A86C /* AppDelegate.swift in Sources */,
				B45B2EF01F961EF100B0CC73 /* GetAccessToken.swift in Sources */,
				B45B2EED1F961CF800B0CC73 /* Constants.swift in Sources */,
				B48CD7BB1F98EAB5005ECC10 /* SkillsTableViewCell.swift in Sources */,
			);
			runOnlyForDeploymentPostprocessing = 0;
		};
/* End PBXSourcesBuildPhase section */

/* Begin PBXVariantGroup section */
		B48D68A91F94DF2500F4A86C /* Main.storyboard */ = {
			isa = PBXVariantGroup;
			children = (
				B48D68AA1F94DF2500F4A86C /* Base */,
			);
			name = Main.storyboard;
			sourceTree = "<group>";
		};
		B48D68AE1F94DF2500F4A86C /* LaunchScreen.storyboard */ = {
			isa = PBXVariantGroup;
			children = (
				B48D68AF1F94DF2500F4A86C /* Base */,
			);
			name = LaunchScreen.storyboard;
			sourceTree = "<group>";
		};
/* End PBXVariantGroup section */

/* Begin XCBuildConfiguration section */
		B48D68B21F94DF2500F4A86C /* Debug */ = {
			isa = XCBuildConfiguration;
			buildSettings = {
				ALWAYS_SEARCH_USER_PATHS = NO;
				CLANG_ANALYZER_NONNULL = YES;
				CLANG_ANALYZER_NUMBER_OBJECT_CONVERSION = YES_AGGRESSIVE;
				CLANG_CXX_LANGUAGE_STANDARD = "gnu++0x";
				CLANG_CXX_LIBRARY = "libc++";
				CLANG_ENABLE_MODULES = YES;
				CLANG_ENABLE_OBJC_ARC = YES;
				CLANG_WARN_BOOL_CONVERSION = YES;
				CLANG_WARN_CONSTANT_CONVERSION = YES;
				CLANG_WARN_DIRECT_OBJC_ISA_USAGE = YES_ERROR;
				CLANG_WARN_DOCUMENTATION_COMMENTS = YES;
				CLANG_WARN_EMPTY_BODY = YES;
				CLANG_WARN_ENUM_CONVERSION = YES;
				CLANG_WARN_INFINITE_RECURSION = YES;
				CLANG_WARN_INT_CONVERSION = YES;
				CLANG_WARN_OBJC_ROOT_CLASS = YES_ERROR;
				CLANG_WARN_SUSPICIOUS_MOVE = YES;
				CLANG_WARN_UNREACHABLE_CODE = YES;
				CLANG_WARN__DUPLICATE_METHOD_MATCH = YES;
				"CODE_SIGN_IDENTITY[sdk=iphoneos*]" = "iPhone Developer";
				COPY_PHASE_STRIP = NO;
				DEBUG_INFORMATION_FORMAT = dwarf;
				ENABLE_STRICT_OBJC_MSGSEND = YES;
				ENABLE_TESTABILITY = YES;
				GCC_C_LANGUAGE_STANDARD = gnu99;
				GCC_DYNAMIC_NO_PIC = NO;
				GCC_NO_COMMON_BLOCKS = YES;
				GCC_OPTIMIZATION_LEVEL = 0;
				GCC_PREPROCESSOR_DEFINITIONS = (
					"DEBUG=1",
					"$(inherited)",
				);
				GCC_WARN_64_TO_32_BIT_CONVERSION = YES;
				GCC_WARN_ABOUT_RETURN_TYPE = YES_ERROR;
				GCC_WARN_UNDECLARED_SELECTOR = YES;
				GCC_WARN_UNINITIALIZED_AUTOS = YES_AGGRESSIVE;
				GCC_WARN_UNUSED_FUNCTION = YES;
				GCC_WARN_UNUSED_VARIABLE = YES;
				IPHONEOS_DEPLOYMENT_TARGET = 10.3;
				MTL_ENABLE_DEBUG_INFO = YES;
				ONLY_ACTIVE_ARCH = YES;
				SDKROOT = iphoneos;
				SWIFT_ACTIVE_COMPILATION_CONDITIONS = DEBUG;
				SWIFT_OPTIMIZATION_LEVEL = "-Onone";
				TARGETED_DEVICE_FAMILY = "1,2";
			};
			name = Debug;
		};
		B48D68B31F94DF2500F4A86C /* Release */ = {
			isa = XCBuildConfiguration;
			buildSettings = {
				ALWAYS_SEARCH_USER_PATHS = NO;
				CLANG_ANALYZER_NONNULL = YES;
				CLANG_ANALYZER_NUMBER_OBJECT_CONVERSION = YES_AGGRESSIVE;
				CLANG_CXX_LANGUAGE_STANDARD = "gnu++0x";
				CLANG_CXX_LIBRARY = "libc++";
				CLANG_ENABLE_MODULES = YES;
				CLANG_ENABLE_OBJC_ARC = YES;
				CLANG_WARN_BOOL_CONVERSION = YES;
				CLANG_WARN_CONSTANT_CONVERSION = YES;
				CLANG_WARN_DIRECT_OBJC_ISA_USAGE = YES_ERROR;
				CLANG_WARN_DOCUMENTATION_COMMENTS = YES;
				CLANG_WARN_EMPTY_BODY = YES;
				CLANG_WARN_ENUM_CONVERSION = YES;
				CLANG_WARN_INFINITE_RECURSION = YES;
				CLANG_WARN_INT_CONVERSION = YES;
				CLANG_WARN_OBJC_ROOT_CLASS = YES_ERROR;
				CLANG_WARN_SUSPICIOUS_MOVE = YES;
				CLANG_WARN_UNREACHABLE_CODE = YES;
				CLANG_WARN__DUPLICATE_METHOD_MATCH = YES;
				"CODE_SIGN_IDENTITY[sdk=iphoneos*]" = "iPhone Developer";
				COPY_PHASE_STRIP = NO;
				DEBUG_INFORMATION_FORMAT = "dwarf-with-dsym";
				ENABLE_NS_ASSERTIONS = NO;
				ENABLE_STRICT_OBJC_MSGSEND = YES;
				GCC_C_LANGUAGE_STANDARD = gnu99;
				GCC_NO_COMMON_BLOCKS = YES;
				GCC_WARN_64_TO_32_BIT_CONVERSION = YES;
				GCC_WARN_ABOUT_RETURN_TYPE = YES_ERROR;
				GCC_WARN_UNDECLARED_SELECTOR = YES;
				GCC_WARN_UNINITIALIZED_AUTOS = YES_AGGRESSIVE;
				GCC_WARN_UNUSED_FUNCTION = YES;
				GCC_WARN_UNUSED_VARIABLE = YES;
				IPHONEOS_DEPLOYMENT_TARGET = 10.3;
				MTL_ENABLE_DEBUG_INFO = NO;
				SDKROOT = iphoneos;
				SWIFT_OPTIMIZATION_LEVEL = "-Owholemodule";
				TARGETED_DEVICE_FAMILY = "1,2";
				VALIDATE_PRODUCT = YES;
			};
			name = Release;
		};
		B48D68B51F94DF2500F4A86C /* Debug */ = {
			isa = XCBuildConfiguration;
			baseConfigurationReference = F3AF55B2C6C5B5897E07D2DD /* Pods-swiftyCompanion.debug.xcconfig */;
			buildSettings = {
				ASSETCATALOG_COMPILER_APPICON_NAME = AppIcon;
				INFOPLIST_FILE = swiftyCompanion/Info.plist;
				LD_RUNPATH_SEARCH_PATHS = "$(inherited) @executable_path/Frameworks";
				PRODUCT_BUNDLE_IDENTIFIER = mfamilar.swiftyCompanion;
				PRODUCT_NAME = "$(TARGET_NAME)";
				SWIFT_VERSION = 3.0;
			};
			name = Debug;
		};
		B48D68B61F94DF2500F4A86C /* Release */ = {
			isa = XCBuildConfiguration;
			baseConfigurationReference = A1C4C9D484EA9DF6C67147F9 /* Pods-swiftyCompanion.release.xcconfig */;
			buildSettings = {
				ASSETCATALOG_COMPILER_APPICON_NAME = AppIcon;
				INFOPLIST_FILE = swiftyCompanion/Info.plist;
				LD_RUNPATH_SEARCH_PATHS = "$(inherited) @executable_path/Frameworks";
				PRODUCT_BUNDLE_IDENTIFIER = mfamilar.swiftyCompanion;
				PRODUCT_NAME = "$(TARGET_NAME)";
				SWIFT_VERSION = 3.0;
			};
			name = Release;
		};
/* End XCBuildConfiguration section */

/* Begin XCConfigurationList section */
		B48D689D1F94DF2500F4A86C /* Build configuration list for PBXProject "swiftyCompanion" */ = {
			isa = XCConfigurationList;
			buildConfigurations = (
				B48D68B21F94DF2500F4A86C /* Debug */,
				B48D68B31F94DF2500F4A86C /* Release */,
			);
			defaultConfigurationIsVisible = 0;
			defaultConfigurationName = Release;
		};
		B48D68B41F94DF2500F4A86C /* Build configuration list for PBXNativeTarget "swiftyCompanion" */ = {
			isa = XCConfigurationList;
			buildConfigurations = (
				B48D68B51F94DF2500F4A86C /* Debug */,
				B48D68B61F94DF2500F4A86C /* Release */,
			);
			defaultConfigurationIsVisible = 0;
			defaultConfigurationName = Release;
		};
/* End XCConfigurationList section */
	};
	rootObject = B48D689A1F94DF2500F4A86C /* Project object */;
}
